
Microsoft Visual Studio Solution File, Format Version 12.00
# Visual Studio 15
VisualStudioVersion = 15.0.26730.16
MinimumVisualStudioVersion = 10.0.40219.1
Project("{FAE04EC0-301F-11D3-BF4B-00C04F79EFBC}") = "WindowsFormsDemo", "WindowsFormsDemo\WindowsFormsDemo.csproj", "{630EF7A7-7A73-468D-B066-8999407A89E6}"
EndProject
Project("{FAE04EC0-301F-11D3-BF4B-00C04F79EFBC}") = "SubmitButton", "SubmitButton\SubmitButton.csproj", "{5F528912-C258-4A50-A01D-A5F88C3ECA4F}"
EndProject
Project("{FAE04EC0-301F-11D3-BF4B-00C04F79EFBC}") = "TestApp", "TestApp\TestApp.csproj", "{8A6CCAA0-3555-49A5-9016-881B5A175B8F}"
EndProject
Project("{FAE04EC0-301F-11D3-BF4B-00C04F79EFBC}") = "TestFormLoginControl", "TestFormLoginControl\TestFormLoginControl.csproj", "{F16196F6-8020-4C84-82D3-DCC38FE34001}"
EndProject
Project("{FAE04EC0-301F-11D3-BF4B-00C04F79EFBC}") = "TestEditMask", "TestEditMask\TestEditMask.csproj", "{EBBFADFD-62DC-4B68-944A-79FCEBC9AC31}"
EndProject
Global
	GlobalSection(SolutionConfigurationPlatforms) = preSolution
		Debug|Any CPU = Debug|Any CPU
		Release|Any CPU = Release|Any CPU
	EndGlobalSection
	GlobalSection(ProjectConfigurationPlatforms) = postSolution
		{630EF7A7-7A73-468D-B066-8999407A89E6}.Debug|Any CPU.ActiveCfg = Debug|Any CPU
		{630EF7A7-7A73-468D-B066-8999407A89E6}.Debug|Any CPU.Build.0 = Debug|Any CPU
		{630EF7A7-7A73-468D-B066-8999407A89E6}.Release|Any CPU.ActiveCfg = Release|Any CPU
		{630EF7A7-7A73-468D-B066-8999407A89E6}.Release|Any CPU.Build.0 = Release|Any CPU
		{5F528912-C258-4A50-A01D-A5F88C3ECA4F}.Debug|Any CPU.ActiveCfg = Debug|Any CPU
		{5F528912-C258-4A50-A01D-A5F88C3ECA4F}.Debug|Any CPU.Build.0 = Debug|Any CPU
		{5F528912-C258-4A50-A01D-A5F88C3ECA4F}.Release|Any CPU.ActiveCfg = Release|Any CPU
		{5F528912-C258-4A50-A01D-A5F88C3ECA4F}.Release|Any CPU.Build.0 = Release|Any CPU
		{8A6CCAA0-3555-49A5-9016-881B5A175B8F}.Debug|Any CPU.ActiveCfg = Debug|Any CPU
		{8A6CCAA0-3555-49A5-9016-881B5A175B8F}.Debug|Any CPU.Build.0 = Debug|Any CPU
		{8A6CCAA0-3555-49A5-9016-881B5A175B8F}.Release|Any CPU.ActiveCfg = Release|Any CPU
		{8A6CCAA0-3555-49A5-9016-881B5A175B8F}.Release|Any CPU.Build.0 = Release|Any CPU
		{F16196F6-8020-4C84-82D3-DCC38FE34001}.Debug|Any CPU.ActiveCfg = Debug|Any CPU
		{F16196F6-8020-4C84-82D3-DCC38FE34001}.Debug|Any CPU.Build.0 = Debug|Any CPU
		{F16196F6-8020-4C84-82D3-DCC38FE34001}.Release|Any CPU.ActiveCfg = Release|Any CPU
		{F16196F6-8020-4C84-82D3-DCC38FE34001}.Release|Any CPU.Build.0 = Release|Any CPU
		{EBBFADFD-62DC-4B68-944A-79FCEBC9AC31}.Debug|Any CPU.ActiveCfg = Debug|Any CPU
		{EBBFADFD-62DC-4B68-944A-79FCEBC9AC31}.Debug|Any CPU.Build.0 = Debug|Any CPU
		{EBBFADFD-62DC-4B68-944A-79FCEBC9AC31}.Release|Any CPU.ActiveCfg = Release|Any CPU
		{EBBFADFD-62DC-4B68-944A-79FCEBC9AC31}.Release|Any CPU.Build.0 = Release|Any CPU
	EndGlobalSection
	GlobalSection(SolutionProperties) = preSolution
		HideSolutionNode = FALSE
	EndGlobalSection
	GlobalSection(ExtensibilityGlobals) = postSolution
		SolutionGuid = {B269BB89-582F-43CB-ADA3-C28CDD3923F0}
	EndGlobalSection
EndGlobal
